
Microsoft Visual Studio Solution File, Format Version 12.00
# Visual Studio 15
VisualStudioVersion = 15.0.26430.12
MinimumVisualStudioVersion = 10.0.40219.1
Project("{FAE04EC0-301F-11D3-BF4B-00C04F79EFBC}") = "UI", "UI\UI.csproj", "{BCE92653-DA6B-4699-95E8-5370BE7E7D95}"
EndProject
Project("{FAE04EC0-301F-11D3-BF4B-00C04F79EFBC}") = "Controller", "Controller\Controller.csproj", "{C3FEAF6B-9E8C-4D20-94EC-704638FC5351}"
EndProject
Project("{FAE04EC0-301F-11D3-BF4B-00C04F79EFBC}") = "Model", "Model\Model.csproj", "{EC4E1EB7-396D-4A9E-8373-CEBB7D2FEABE}"
EndProject
Project("{FAE04EC0-301F-11D3-BF4B-00C04F79EFBC}") = "Model.Tests", "Model.Tests\Model.Tests.csproj", "{DEFB0580-EE9C-497E-B5A9-BF2A726BE6BC}"
EndProject
Project("{FAE04EC0-301F-11D3-BF4B-00C04F79EFBC}") = "Controller.Tests", "Controller.Tests\Controller.Tests.csproj", "{5C893DFC-2B4F-4DE9-BDE5-AD07C282F850}"
EndProject
Global
	GlobalSection(SolutionConfigurationPlatforms) = preSolution
		Debug|Any CPU = Debug|Any CPU
		Release|Any CPU = Release|Any CPU
	EndGlobalSection
	GlobalSection(ProjectConfigurationPlatforms) = postSolution
		{BCE92653-DA6B-4699-95E8-5370BE7E7D95}.Debug|Any CPU.ActiveCfg = Debug|Any CPU
		{BCE92653-DA6B-4699-95E8-5370BE7E7D95}.Debug|Any CPU.Build.0 = Debug|Any CPU
		{BCE92653-DA6B-4699-95E8-5370BE7E7D95}.Release|Any CPU.ActiveCfg = Release|Any CPU
		{BCE92653-DA6B-4699-95E8-5370BE7E7D95}.Release|Any CPU.Build.0 = Release|Any CPU
		{C3FEAF6B-9E8C-4D20-94EC-704638FC5351}.Debug|Any CPU.ActiveCfg = Debug|Any CPU
		{C3FEAF6B-9E8C-4D20-94EC-704638FC5351}.Debug|Any CPU.Build.0 = Debug|Any CPU
		{C3FEAF6B-9E8C-4D20-94EC-704638FC5351}.Release|Any CPU.ActiveCfg = Release|Any CPU
		{C3FEAF6B-9E8C-4D20-94EC-704638FC5351}.Release|Any CPU.Build.0 = Release|Any CPU
		{EC4E1EB7-396D-4A9E-8373-CEBB7D2FEABE}.Debug|Any CPU.ActiveCfg = Debug|Any CPU
		{EC4E1EB7-396D-4A9E-8373-CEBB7D2FEABE}.Debug|Any CPU.Build.0 = Debug|Any CPU
		{EC4E1EB7-396D-4A9E-8373-CEBB7D2FEABE}.Release|Any CPU.ActiveCfg = Release|Any CPU
		{EC4E1EB7-396D-4A9E-8373-CEBB7D2FEABE}.Release|Any CPU.Build.0 = Release|Any CPU
		{DEFB0580-EE9C-497E-B5A9-BF2A726BE6BC}.Debug|Any CPU.ActiveCfg = Debug|Any CPU
		{DEFB0580-EE9C-497E-B5A9-BF2A726BE6BC}.Debug|Any CPU.Build.0 = Debug|Any CPU
		{DEFB0580-EE9C-497E-B5A9-BF2A726BE6BC}.Release|Any CPU.ActiveCfg = Release|Any CPU
		{DEFB0580-EE9C-497E-B5A9-BF2A726BE6BC}.Release|Any CPU.Build.0 = Release|Any CPU
		{5C893DFC-2B4F-4DE9-BDE5-AD07C282F850}.Debug|Any CPU.ActiveCfg = Debug|Any CPU
		{5C893DFC-2B4F-4DE9-BDE5-AD07C282F850}.Debug|Any CPU.Build.0 = Debug|Any CPU
		{5C893DFC-2B4F-4DE9-BDE5-AD07C282F850}.Release|Any CPU.ActiveCfg = Release|Any CPU
		{5C893DFC-2B4F-4DE9-BDE5-AD07C282F850}.Release|Any CPU.Build.0 = Release|Any CPU
	EndGlobalSection
	GlobalSection(SolutionProperties) = preSolution
		HideSolutionNode = FALSE
	EndGlobalSection
EndGlobal
